
Microsoft Visual Studio Solution File, Format Version 12.00
# Visual Studio Version 17
VisualStudioVersion = 17.3.32901.215
MinimumVisualStudioVersion = 10.0.40219.1
Project("{FAE04EC0-301F-11D3-BF4B-00C04F79EFBC}") = "RoleApp", "RoleApp\RoleApp.csproj", "{1447F50A-6D91-498F-BBE5-A08174878205}"
EndProject
Global
	GlobalSection(SolutionConfigurationPlatforms) = preSolution
		Debug|Any CPU = Debug|Any CPU
		Release|Any CPU = Release|Any CPU
	EndGlobalSection
	GlobalSection(ProjectConfigurationPlatforms) = postSolution
		{1447F50A-6D91-498F-BBE5-A08174878205}.Debug|Any CPU.ActiveCfg = Debug|Any CPU
		{1447F50A-6D91-498F-BBE5-A08174878205}.Debug|Any CPU.Build.0 = Debug|Any CPU
		{1447F50A-6D91-498F-BBE5-A08174878205}.Release|Any CPU.ActiveCfg = Release|Any CPU
		{1447F50A-6D91-498F-BBE5-A08174878205}.Release|Any CPU.Build.0 = Release|Any CPU
	EndGlobalSection
	GlobalSection(SolutionProperties) = preSolution
		HideSolutionNode = FALSE
	EndGlobalSection
	GlobalSection(ExtensibilityGlobals) = postSolution
		SolutionGuid = {1348C08E-2AEC-4A35-82A3-1A6335760892}
	EndGlobalSection
EndGlobal
